
Microsoft Visual Studio Solution File, Format Version 12.00
# Visual Studio 15
VisualStudioVersion = 15.0.26403.7
MinimumVisualStudioVersion = 10.0.40219.1
Project("{FAE04EC0-301F-11D3-BF4B-00C04F79EFBC}") = "SecurityDriven.TinyORM", "SecurityDriven.TinyORM.csproj", "{0E84451B-F5E1-48B0-8C25-09070E10971E}"
EndProject
Project("{FAE04EC0-301F-11D3-BF4B-00C04F79EFBC}") = "SecurityDriven.TinyORM.Tests", "SecurityDriven.TinyORM.Tests\SecurityDriven.TinyORM.Tests.csproj", "{79BFB495-07B1-4AC1-8C0E-0EFA8633D6A7}"
EndProject
Global
	GlobalSection(SolutionConfigurationPlatforms) = preSolution
		Debug|Any CPU = Debug|Any CPU
		Release|Any CPU = Release|Any CPU
	EndGlobalSection
	GlobalSection(ProjectConfigurationPlatforms) = postSolution
		{0E84451B-F5E1-48B0-8C25-09070E10971E}.Debug|Any CPU.ActiveCfg = Debug|Any CPU
		{0E84451B-F5E1-48B0-8C25-09070E10971E}.Debug|Any CPU.Build.0 = Debug|Any CPU
		{0E84451B-F5E1-48B0-8C25-09070E10971E}.Release|Any CPU.ActiveCfg = Release|Any CPU
		{0E84451B-F5E1-48B0-8C25-09070E10971E}.Release|Any CPU.Build.0 = Release|Any CPU
		{79BFB495-07B1-4AC1-8C0E-0EFA8633D6A7}.Debug|Any CPU.ActiveCfg = Debug|Any CPU
		{79BFB495-07B1-4AC1-8C0E-0EFA8633D6A7}.Debug|Any CPU.Build.0 = Debug|Any CPU
		{79BFB495-07B1-4AC1-8C0E-0EFA8633D6A7}.Release|Any CPU.ActiveCfg = Release|Any CPU
		{79BFB495-07B1-4AC1-8C0E-0EFA8633D6A7}.Release|Any CPU.Build.0 = Release|Any CPU
	EndGlobalSection
	GlobalSection(SolutionProperties) = preSolution
		HideSolutionNode = FALSE
	EndGlobalSection
EndGlobal
